// !$*UTF8*$!
{
	archiveVersion = 1;
	classes = {
	};
	objectVersion = 50;
	objects = {

/* Begin PBXBuildFile section */
		23F8D39023E6D0980023AABE /* AppDelegate.swift in Sources */ = {isa = PBXBuildFile; fileRef = 23F8D38F23E6D0980023AABE /* AppDelegate.swift */; };
		23F8D39223E6D0980023AABE /* SceneDelegate.swift in Sources */ = {isa = PBXBuildFile; fileRef = 23F8D39123E6D0980023AABE /* SceneDelegate.swift */; };
		23F8D39423E6D0980023AABE /* ContentView.swift in Sources */ = {isa = PBXBuildFile; fileRef = 23F8D39323E6D0980023AABE /* ContentView.swift */; };
		23F8D39623E6D0980023AABE /* Assets.xcassets in Resources */ = {isa = PBXBuildFile; fileRef = 23F8D39523E6D0980023AABE /* Assets.xcassets */; };
		23F8D39923E6D0980023AABE /* Preview Assets.xcassets in Resources */ = {isa = PBXBuildFile; fileRef = 23F8D39823E6D0980023AABE /* Preview Assets.xcassets */; };
		23F8D39C23E6D0980023AABE /* LaunchScreen.storyboard in Resources */ = {isa = PBXBuildFile; fileRef = 23F8D39A23E6D0980023AABE /* LaunchScreen.storyboard */; };
		23F8D3A523E6D3A30023AABE /* CounterCore.swift in Sources */ = {isa = PBXBuildFile; fileRef = 23F8D3A423E6D3A30023AABE /* CounterCore.swift */; };
		23F8D3A723E6D4300023AABE /* Checkpoint.swift in Sources */ = {isa = PBXBuildFile; fileRef = 23F8D3A623E6D4300023AABE /* Checkpoint.swift */; };
		23F8D3A923E6D4590023AABE /* CheckpointAction.swift in Sources */ = {isa = PBXBuildFile; fileRef = 23F8D3A823E6D4590023AABE /* CheckpointAction.swift */; };
		23F8D3AB23E6D4BC0023AABE /* CounterStatusAfterStep.swift in Sources */ = {isa = PBXBuildFile; fileRef = 23F8D3AA23E6D4BC0023AABE /* CounterStatusAfterStep.swift */; };
/* End PBXBuildFile section */

/* Begin PBXFileReference section */
		23F8D38C23E6D0980023AABE /* Counters.app */ = {isa = PBXFileReference; explicitFileType = wrapper.application; includeInIndex = 0; path = Counters.app; sourceTree = BUILT_PRODUCTS_DIR; };
		23F8D38F23E6D0980023AABE /* AppDelegate.swift */ = {isa = PBXFileReference; lastKnownFileType = sourcecode.swift; path = AppDelegate.swift; sourceTree = "<group>"; };
		23F8D39123E6D0980023AABE /* SceneDelegate.swift */ = {isa = PBXFileReference; lastKnownFileType = sourcecode.swift; path = SceneDelegate.swift; sourceTree = "<group>"; };
		23F8D39323E6D0980023AABE /* ContentView.swift */ = {isa = PBXFileReference; lastKnownFileType = sourcecode.swift; path = ContentView.swift; sourceTree = "<group>"; };
		23F8D39523E6D0980023AABE /* Assets.xcassets */ = {isa = PBXFileReference; lastKnownFileType = folder.assetcatalog; path = Assets.xcassets; sourceTree = "<group>"; };
		23F8D39823E6D0980023AABE /* Preview Assets.xcassets */ = {isa = PBXFileReference; lastKnownFileType = folder.assetcatalog; path = "Preview Assets.xcassets"; sourceTree = "<group>"; };
		23F8D39B23E6D0980023AABE /* Base */ = {isa = PBXFileReference; lastKnownFileType = file.storyboard; name = Base; path = Base.lproj/LaunchScreen.storyboard; sourceTree = "<group>"; };
		23F8D39D23E6D0980023AABE /* Info.plist */ = {isa = PBXFileReference; lastKnownFileType = text.plist.xml; path = Info.plist; sourceTree = "<group>"; };
		23F8D3A423E6D3A30023AABE /* CounterCore.swift */ = {isa = PBXFileReference; lastKnownFileType = sourcecode.swift; path = CounterCore.swift; sourceTree = "<group>"; };
		23F8D3A623E6D4300023AABE /* Checkpoint.swift */ = {isa = PBXFileReference; lastKnownFileType = sourcecode.swift; path = Checkpoint.swift; sourceTree = "<group>"; };
		23F8D3A823E6D4590023AABE /* CheckpointAction.swift */ = {isa = PBXFileReference; lastKnownFileType = sourcecode.swift; path = CheckpointAction.swift; sourceTree = "<group>"; };
		23F8D3AA23E6D4BC0023AABE /* CounterStatusAfterStep.swift */ = {isa = PBXFileReference; lastKnownFileType = sourcecode.swift; path = CounterStatusAfterStep.swift; sourceTree = "<group>"; };
/* End PBXFileReference section */

/* Begin PBXFrameworksBuildPhase section */
		23F8D38923E6D0980023AABE /* Frameworks */ = {
			isa = PBXFrameworksBuildPhase;
			buildActionMask = 2147483647;
			files = (
			);
			runOnlyForDeploymentPostprocessing = 0;
		};
/* End PBXFrameworksBuildPhase section */

/* Begin PBXGroup section */
		23F8D38323E6D0980023AABE = {
			isa = PBXGroup;
			children = (
				23F8D38E23E6D0980023AABE /* Counters */,
				23F8D38D23E6D0980023AABE /* Products */,
			);
			sourceTree = "<group>";
		};
		23F8D38D23E6D0980023AABE /* Products */ = {
			isa = PBXGroup;
			children = (
				23F8D38C23E6D0980023AABE /* Counters.app */,
			);
			name = Products;
			sourceTree = "<group>";
		};
		23F8D38E23E6D0980023AABE /* Counters */ = {
			isa = PBXGroup;
			children = (
				23F8D38F23E6D0980023AABE /* AppDelegate.swift */,
				23F8D3A323E6D3930023AABE /* Model */,
				23F8D39123E6D0980023AABE /* SceneDelegate.swift */,
				23F8D39323E6D0980023AABE /* ContentView.swift */,
				23F8D39523E6D0980023AABE /* Assets.xcassets */,
				23F8D39A23E6D0980023AABE /* LaunchScreen.storyboard */,
				23F8D39D23E6D0980023AABE /* Info.plist */,
				23F8D39723E6D0980023AABE /* Preview Content */,
			);
			path = Counters;
			sourceTree = "<group>";
		};
		23F8D39723E6D0980023AABE /* Preview Content */ = {
			isa = PBXGroup;
			children = (
				23F8D39823E6D0980023AABE /* Preview Assets.xcassets */,
			);
			path = "Preview Content";
			sourceTree = "<group>";
		};
		23F8D3A323E6D3930023AABE /* Model */ = {
			isa = PBXGroup;
			children = (
				23F8D3A423E6D3A30023AABE /* CounterCore.swift */,
				23F8D3A623E6D4300023AABE /* Checkpoint.swift */,
				23F8D3A823E6D4590023AABE /* CheckpointAction.swift */,
				23F8D3AA23E6D4BC0023AABE /* CounterStatusAfterStep.swift */,
			);
			path = Model;
			sourceTree = "<group>";
		};
/* End PBXGroup section */

/* Begin PBXNativeTarget section */
		23F8D38B23E6D0980023AABE /* Counters */ = {
			isa = PBXNativeTarget;
			buildConfigurationList = 23F8D3A023E6D0980023AABE /* Build configuration list for PBXNativeTarget "Counters" */;
			buildPhases = (
				23F8D38823E6D0980023AABE /* Sources */,
				23F8D38923E6D0980023AABE /* Frameworks */,
				23F8D38A23E6D0980023AABE /* Resources */,
			);
			buildRules = (
			);
			dependencies = (
			);
			name = Counters;
			productName = Counters;
			productReference = 23F8D38C23E6D0980023AABE /* Counters.app */;
			productType = "com.apple.product-type.application";
		};
/* End PBXNativeTarget section */

/* Begin PBXProject section */
		23F8D38423E6D0980023AABE /* Project object */ = {
			isa = PBXProject;
			attributes = {
				LastSwiftUpdateCheck = 1130;
				LastUpgradeCheck = 1130;
				ORGANIZATIONNAME = "Stefano Andriolo";
				TargetAttributes = {
					23F8D38B23E6D0980023AABE = {
						CreatedOnToolsVersion = 11.3.1;
					};
				};
			};
			buildConfigurationList = 23F8D38723E6D0980023AABE /* Build configuration list for PBXProject "Counters" */;
			compatibilityVersion = "Xcode 9.3";
			developmentRegion = en;
			hasScannedForEncodings = 0;
			knownRegions = (
				en,
				Base,
			);
			mainGroup = 23F8D38323E6D0980023AABE;
			productRefGroup = 23F8D38D23E6D0980023AABE /* Products */;
			projectDirPath = "";
			projectRoot = "";
			targets = (
				23F8D38B23E6D0980023AABE /* Counters */,
			);
		};
/* End PBXProject section */

/* Begin PBXResourcesBuildPhase section */
		23F8D38A23E6D0980023AABE /* Resources */ = {
			isa = PBXResourcesBuildPhase;
			buildActionMask = 2147483647;
			files = (
				23F8D39C23E6D0980023AABE /* LaunchScreen.storyboard in Resources */,
				23F8D39923E6D0980023AABE /* Preview Assets.xcassets in Resources */,
				23F8D39623E6D0980023AABE /* Assets.xcassets in Resources */,
			);
			runOnlyForDeploymentPostprocessing = 0;
		};
/* End PBXResourcesBuildPhase section */

/* Begin PBXSourcesBuildPhase section */
		23F8D38823E6D0980023AABE /* Sources */ = {
			isa = PBXSourcesBuildPhase;
			buildActionMask = 2147483647;
			files = (
				23F8D3A723E6D4300023AABE /* Checkpoint.swift in Sources */,
				23F8D39023E6D0980023AABE /* AppDelegate.swift in Sources */,
				23F8D3A523E6D3A30023AABE /* CounterCore.swift in Sources */,
				23F8D39223E6D0980023AABE /* SceneDelegate.swift in Sources */,
				23F8D3AB23E6D4BC0023AABE /* CounterStatusAfterStep.swift in Sources */,
				23F8D39423E6D0980023AABE /* ContentView.swift in Sources */,
				23F8D3A923E6D4590023AABE /* CheckpointAction.swift in Sources */,
			);
			runOnlyForDeploymentPostprocessing = 0;
		};
/* End PBXSourcesBuildPhase section */

/* Begin PBXVariantGroup section */
		23F8D39A23E6D0980023AABE /* LaunchScreen.storyboard */ = {
			isa = PBXVariantGroup;
			children = (
				23F8D39B23E6D0980023AABE /* Base */,
			);
			name = LaunchScreen.storyboard;
			sourceTree = "<group>";
		};
/* End PBXVariantGroup section */

/* Begin XCBuildConfiguration section */
		23F8D39E23E6D0980023AABE /* Debug */ = {
			isa = XCBuildConfiguration;
			buildSettings = {
				ALWAYS_SEARCH_USER_PATHS = NO;
				CLANG_ANALYZER_NONNULL = YES;
				CLANG_ANALYZER_NUMBER_OBJECT_CONVERSION = YES_AGGRESSIVE;
				CLANG_CXX_LANGUAGE_STANDARD = "gnu++14";
				CLANG_CXX_LIBRARY = "libc++";
				CLANG_ENABLE_MODULES = YES;
				CLANG_ENABLE_OBJC_ARC = YES;
				CLANG_ENABLE_OBJC_WEAK = YES;
				CLANG_WARN_BLOCK_CAPTURE_AUTORELEASING = YES;
				CLANG_WARN_BOOL_CONVERSION = YES;
				CLANG_WARN_COMMA = YES;
				CLANG_WARN_CONSTANT_CONVERSION = YES;
				CLANG_WARN_DEPRECATED_OBJC_IMPLEMENTATIONS = YES;
				CLANG_WARN_DIRECT_OBJC_ISA_USAGE = YES_ERROR;
				CLANG_WARN_DOCUMENTATION_COMMENTS = YES;
				CLANG_WARN_EMPTY_BODY = YES;
				CLANG_WARN_ENUM_CONVERSION = YES;
				CLANG_WARN_INFINITE_RECURSION = YES;
				CLANG_WARN_INT_CONVERSION = YES;
				CLANG_WARN_NON_LITERAL_NULL_CONVERSION = YES;
				CLANG_WARN_OBJC_IMPLICIT_RETAIN_SELF = YES;
				CLANG_WARN_OBJC_LITERAL_CONVERSION = YES;
				CLANG_WARN_OBJC_ROOT_CLASS = YES_ERROR;
				CLANG_WARN_RANGE_LOOP_ANALYSIS = YES;
				CLANG_WARN_STRICT_PROTOTYPES = YES;
				CLANG_WARN_SUSPICIOUS_MOVE = YES;
				CLANG_WARN_UNGUARDED_AVAILABILITY = YES_AGGRESSIVE;
				CLANG_WARN_UNREACHABLE_CODE = YES;
				CLANG_WARN__DUPLICATE_METHOD_MATCH = YES;
				COPY_PHASE_STRIP = NO;
				DEBUG_INFORMATION_FORMAT = dwarf;
				ENABLE_STRICT_OBJC_MSGSEND = YES;
				ENABLE_TESTABILITY = YES;
				GCC_C_LANGUAGE_STANDARD = gnu11;
				GCC_DYNAMIC_NO_PIC = NO;
				GCC_NO_COMMON_BLOCKS = YES;
				GCC_OPTIMIZATION_LEVEL = 0;
				GCC_PREPROCESSOR_DEFINITIONS = (
					"DEBUG=1",
					"$(inherited)",
				);
				GCC_WARN_64_TO_32_BIT_CONVERSION = YES;
				GCC_WARN_ABOUT_RETURN_TYPE = YES_ERROR;
				GCC_WARN_UNDECLARED_SELECTOR = YES;
				GCC_WARN_UNINITIALIZED_AUTOS = YES_AGGRESSIVE;
				GCC_WARN_UNUSED_FUNCTION = YES;
				GCC_WARN_UNUSED_VARIABLE = YES;
				IPHONEOS_DEPLOYMENT_TARGET = 13.2;
				MTL_ENABLE_DEBUG_INFO = INCLUDE_SOURCE;
				MTL_FAST_MATH = YES;
				ONLY_ACTIVE_ARCH = YES;
				SDKROOT = iphoneos;
				SWIFT_ACTIVE_COMPILATION_CONDITIONS = DEBUG;
				SWIFT_OPTIMIZATION_LEVEL = "-Onone";
			};
			name = Debug;
		};
		23F8D39F23E6D0980023AABE /* Release */ = {
			isa = XCBuildConfiguration;
			buildSettings = {
				ALWAYS_SEARCH_USER_PATHS = NO;
				CLANG_ANALYZER_NONNULL = YES;
				CLANG_ANALYZER_NUMBER_OBJECT_CONVERSION = YES_AGGRESSIVE;
				CLANG_CXX_LANGUAGE_STANDARD = "gnu++14";
				CLANG_CXX_LIBRARY = "libc++";
				CLANG_ENABLE_MODULES = YES;
				CLANG_ENABLE_OBJC_ARC = YES;
				CLANG_ENABLE_OBJC_WEAK = YES;
				CLANG_WARN_BLOCK_CAPTURE_AUTORELEASING = YES;
				CLANG_WARN_BOOL_CONVERSION = YES;
				CLANG_WARN_COMMA = YES;
				CLANG_WARN_CONSTANT_CONVERSION = YES;
				CLANG_WARN_DEPRECATED_OBJC_IMPLEMENTATIONS = YES;
				CLANG_WARN_DIRECT_OBJC_ISA_USAGE = YES_ERROR;
				CLANG_WARN_DOCUMENTATION_COMMENTS = YES;
				CLANG_WARN_EMPTY_BODY = YES;
				CLANG_WARN_ENUM_CONVERSION = YES;
				CLANG_WARN_INFINITE_RECURSION = YES;
				CLANG_WARN_INT_CONVERSION = YES;
				CLANG_WARN_NON_LITERAL_NULL_CONVERSION = YES;
				CLANG_WARN_OBJC_IMPLICIT_RETAIN_SELF = YES;
				CLANG_WARN_OBJC_LITERAL_CONVERSION = YES;
				CLANG_WARN_OBJC_ROOT_CLASS = YES_ERROR;
				CLANG_WARN_RANGE_LOOP_ANALYSIS = YES;
				CLANG_WARN_STRICT_PROTOTYPES = YES;
				CLANG_WARN_SUSPICIOUS_MOVE = YES;
				CLANG_WARN_UNGUARDED_AVAILABILITY = YES_AGGRESSIVE;
				CLANG_WARN_UNREACHABLE_CODE = YES;
				CLANG_WARN__DUPLICATE_METHOD_MATCH = YES;
				COPY_PHASE_STRIP = NO;
				DEBUG_INFORMATION_FORMAT = "dwarf-with-dsym";
				ENABLE_NS_ASSERTIONS = NO;
				ENABLE_STRICT_OBJC_MSGSEND = YES;
				GCC_C_LANGUAGE_STANDARD = gnu11;
				GCC_NO_COMMON_BLOCKS = YES;
				GCC_WARN_64_TO_32_BIT_CONVERSION = YES;
				GCC_WARN_ABOUT_RETURN_TYPE = YES_ERROR;
				GCC_WARN_UNDECLARED_SELECTOR = YES;
				GCC_WARN_UNINITIALIZED_AUTOS = YES_AGGRESSIVE;
				GCC_WARN_UNUSED_FUNCTION = YES;
				GCC_WARN_UNUSED_VARIABLE = YES;
				IPHONEOS_DEPLOYMENT_TARGET = 13.2;
				MTL_ENABLE_DEBUG_INFO = NO;
				MTL_FAST_MATH = YES;
				SDKROOT = iphoneos;
				SWIFT_COMPILATION_MODE = wholemodule;
				SWIFT_OPTIMIZATION_LEVEL = "-O";
				VALIDATE_PRODUCT = YES;
			};
			name = Release;
		};
		23F8D3A123E6D0980023AABE /* Debug */ = {
			isa = XCBuildConfiguration;
			buildSettings = {
				ASSETCATALOG_COMPILER_APPICON_NAME = AppIcon;
				CODE_SIGN_STYLE = Automatic;
				DEVELOPMENT_ASSET_PATHS = "\"Counters/Preview Content\"";
				DEVELOPMENT_TEAM = 6W3HKF49G5;
				ENABLE_PREVIEWS = YES;
				INFOPLIST_FILE = Counters/Info.plist;
				LD_RUNPATH_SEARCH_PATHS = (
					"$(inherited)",
					"@executable_path/Frameworks",
				);
				PRODUCT_BUNDLE_IDENTIFIER = com.stefanoandriolo.Counters;
				PRODUCT_NAME = "$(TARGET_NAME)";
				SWIFT_VERSION = 5.0;
				TARGETED_DEVICE_FAMILY = "1,2";
			};
			name = Debug;
		};
		23F8D3A223E6D0980023AABE /* Release */ = {
			isa = XCBuildConfiguration;
			buildSettings = {
				ASSETCATALOG_COMPILER_APPICON_NAME = AppIcon;
				CODE_SIGN_STYLE = Automatic;
				DEVELOPMENT_ASSET_PATHS = "\"Counters/Preview Content\"";
				DEVELOPMENT_TEAM = 6W3HKF49G5;
				ENABLE_PREVIEWS = YES;
				INFOPLIST_FILE = Counters/Info.plist;
				LD_RUNPATH_SEARCH_PATHS = (
					"$(inherited)",
					"@executable_path/Frameworks",
				);
				PRODUCT_BUNDLE_IDENTIFIER = com.stefanoandriolo.Counters;
				PRODUCT_NAME = "$(TARGET_NAME)";
				SWIFT_VERSION = 5.0;
				TARGETED_DEVICE_FAMILY = "1,2";
			};
			name = Release;
		};
/* End XCBuildConfiguration section */

/* Begin XCConfigurationList section */
		23F8D38723E6D0980023AABE /* Build configuration list for PBXProject "Counters" */ = {
			isa = XCConfigurationList;
			buildConfigurations = (
				23F8D39E23E6D0980023AABE /* Debug */,
				23F8D39F23E6D0980023AABE /* Release */,
			);
			defaultConfigurationIsVisible = 0;
			defaultConfigurationName = Release;
		};
		23F8D3A023E6D0980023AABE /* Build configuration list for PBXNativeTarget "Counters" */ = {
			isa = XCConfigurationList;
			buildConfigurations = (
				23F8D3A123E6D0980023AABE /* Debug */,
				23F8D3A223E6D0980023AABE /* Release */,
			);
			defaultConfigurationIsVisible = 0;
			defaultConfigurationName = Release;
		};
/* End XCConfigurationList section */
	};
	rootObject = 23F8D38423E6D0980023AABE /* Project object */;
}
